
Microsoft Visual Studio Solution File, Format Version 12.00
# Visual Studio Version 17
VisualStudioVersion = 17.4.33213.308
MinimumVisualStudioVersion = 10.0.40219.1
Project("{FAE04EC0-301F-11D3-BF4B-00C04F79EFBC}") = "AdvertService", "AdvertService\AdvertService.csproj", "{E16094A7-77B0-46B5-8F00-EBD88866AADB}"
EndProject
Project("{FAE04EC0-301F-11D3-BF4B-00C04F79EFBC}") = "AdvertService.BLL", "AdvertService.BLL\AdvertService.BLL.csproj", "{1F61B9AB-73CD-4819-9FA7-A262A203E2D9}"
EndProject
Project("{FAE04EC0-301F-11D3-BF4B-00C04F79EFBC}") = "AdvertService.DAL", "AdvertService.DAL\AdvertService.DAL.csproj", "{E1A6CF8C-3CC2-467A-B97D-8DBBAD85E835}"
EndProject
Global
	GlobalSection(SolutionConfigurationPlatforms) = preSolution
		Debug|Any CPU = Debug|Any CPU
		Release|Any CPU = Release|Any CPU
	EndGlobalSection
	GlobalSection(ProjectConfigurationPlatforms) = postSolution
		{E16094A7-77B0-46B5-8F00-EBD88866AADB}.Debug|Any CPU.ActiveCfg = Debug|Any CPU
		{E16094A7-77B0-46B5-8F00-EBD88866AADB}.Debug|Any CPU.Build.0 = Debug|Any CPU
		{E16094A7-77B0-46B5-8F00-EBD88866AADB}.Release|Any CPU.ActiveCfg = Release|Any CPU
		{E16094A7-77B0-46B5-8F00-EBD88866AADB}.Release|Any CPU.Build.0 = Release|Any CPU
		{1F61B9AB-73CD-4819-9FA7-A262A203E2D9}.Debug|Any CPU.ActiveCfg = Debug|Any CPU
		{1F61B9AB-73CD-4819-9FA7-A262A203E2D9}.Debug|Any CPU.Build.0 = Debug|Any CPU
		{1F61B9AB-73CD-4819-9FA7-A262A203E2D9}.Release|Any CPU.ActiveCfg = Release|Any CPU
		{1F61B9AB-73CD-4819-9FA7-A262A203E2D9}.Release|Any CPU.Build.0 = Release|Any CPU
		{E1A6CF8C-3CC2-467A-B97D-8DBBAD85E835}.Debug|Any CPU.ActiveCfg = Debug|Any CPU
		{E1A6CF8C-3CC2-467A-B97D-8DBBAD85E835}.Debug|Any CPU.Build.0 = Debug|Any CPU
		{E1A6CF8C-3CC2-467A-B97D-8DBBAD85E835}.Release|Any CPU.ActiveCfg = Release|Any CPU
		{E1A6CF8C-3CC2-467A-B97D-8DBBAD85E835}.Release|Any CPU.Build.0 = Release|Any CPU
	EndGlobalSection
	GlobalSection(SolutionProperties) = preSolution
		HideSolutionNode = FALSE
	EndGlobalSection
	GlobalSection(ExtensibilityGlobals) = postSolution
		SolutionGuid = {CBAD0EDB-81D1-4F3A-82F3-50859B5D5848}
	EndGlobalSection
EndGlobal
